
Microsoft Visual Studio Solution File, Format Version 12.00
# Visual Studio 15
VisualStudioVersion = 15.0.26124.0
MinimumVisualStudioVersion = 15.0.26124.0
Project("{2150E333-8FDC-42A3-9474-1A3956D46DE8}") = "src", "src", "{54B8B52D-06B7-45ED-B532-FDAA5D58A32A}"
EndProject
Project("{FAE04EC0-301F-11D3-BF4B-00C04F79EFBC}") = "OctoDumpCmd", "src\OctoDumpCmd\OctoDumpCmd.csproj", "{D2E14868-59E0-417F-B6A7-FAEF50D6B43A}"
EndProject
Global
	GlobalSection(SolutionConfigurationPlatforms) = preSolution
		Debug|Any CPU = Debug|Any CPU
		Debug|x64 = Debug|x64
		Debug|x86 = Debug|x86
		Release|Any CPU = Release|Any CPU
		Release|x64 = Release|x64
		Release|x86 = Release|x86
	EndGlobalSection
	GlobalSection(SolutionProperties) = preSolution
		HideSolutionNode = FALSE
	EndGlobalSection
	GlobalSection(ProjectConfigurationPlatforms) = postSolution
		{D2E14868-59E0-417F-B6A7-FAEF50D6B43A}.Debug|Any CPU.ActiveCfg = Debug|Any CPU
		{D2E14868-59E0-417F-B6A7-FAEF50D6B43A}.Debug|Any CPU.Build.0 = Debug|Any CPU
		{D2E14868-59E0-417F-B6A7-FAEF50D6B43A}.Debug|x64.ActiveCfg = Debug|Any CPU
		{D2E14868-59E0-417F-B6A7-FAEF50D6B43A}.Debug|x64.Build.0 = Debug|Any CPU
		{D2E14868-59E0-417F-B6A7-FAEF50D6B43A}.Debug|x86.ActiveCfg = Debug|Any CPU
		{D2E14868-59E0-417F-B6A7-FAEF50D6B43A}.Debug|x86.Build.0 = Debug|Any CPU
		{D2E14868-59E0-417F-B6A7-FAEF50D6B43A}.Release|Any CPU.ActiveCfg = Release|Any CPU
		{D2E14868-59E0-417F-B6A7-FAEF50D6B43A}.Release|Any CPU.Build.0 = Release|Any CPU
		{D2E14868-59E0-417F-B6A7-FAEF50D6B43A}.Release|x64.ActiveCfg = Release|Any CPU
		{D2E14868-59E0-417F-B6A7-FAEF50D6B43A}.Release|x64.Build.0 = Release|Any CPU
		{D2E14868-59E0-417F-B6A7-FAEF50D6B43A}.Release|x86.ActiveCfg = Release|Any CPU
		{D2E14868-59E0-417F-B6A7-FAEF50D6B43A}.Release|x86.Build.0 = Release|Any CPU
	EndGlobalSection
	GlobalSection(NestedProjects) = preSolution
		{D2E14868-59E0-417F-B6A7-FAEF50D6B43A} = {54B8B52D-06B7-45ED-B532-FDAA5D58A32A}
	EndGlobalSection
EndGlobal
